# Generated by pub
# See https://dart.dev/tools/pub/glossary#lockfile
packages:
  regulation_api:
    dependency: "direct main"
    description:
      path: "../regulation_api"
      relative: true
    source: path
    version: "1.0.0+1"
  very_good_analysis:
    dependency: "direct dev"
    description:
      name: very_good_analysis
      url: "https://pub.dartlang.org"
    source: hosted
    version: "2.4.0"
sdks:
  dart: ">=2.16.0 <3.0.0"
